// !$*UTF8*$!
{
	archiveVersion = 1;
	classes = {
	};
	objectVersion = 56;
	objects = {

/* Begin PBXBuildFile section */
		63B5764A2C3E81B7001B72EA /* TwitterCloneiOSApp.swift in Sources */ = {isa = PBXBuildFile; fileRef = 63B576492C3E81B7001B72EA /* TwitterCloneiOSApp.swift */; };
		63B5764E2C3E81B8001B72EA /* Assets.xcassets in Resources */ = {isa = PBXBuildFile; fileRef = 63B5764D2C3E81B8001B72EA /* Assets.xcassets */; };
		63B576512C3E81B8001B72EA /* Preview Assets.xcassets in Resources */ = {isa = PBXBuildFile; fileRef = 63B576502C3E81B8001B72EA /* Preview Assets.xcassets */; };
		63B576652C3EA040001B72EA /* TweetView.swift in Sources */ = {isa = PBXBuildFile; fileRef = 63B576642C3EA040001B72EA /* TweetView.swift */; };
		63B576672C3EEDED001B72EA /* FeedView.swift in Sources */ = {isa = PBXBuildFile; fileRef = 63B576662C3EEDED001B72EA /* FeedView.swift */; };
		63B5766F2C3EF046001B72EA /* MainTabView.swift in Sources */ = {isa = PBXBuildFile; fileRef = 63B5766E2C3EF046001B72EA /* MainTabView.swift */; };
		63B576752C3EF21D001B72EA /* ExploreView.swift in Sources */ = {isa = PBXBuildFile; fileRef = 63B576742C3EF21D001B72EA /* ExploreView.swift */; };
		63B576772C3EF235001B72EA /* NotificationsView.swift in Sources */ = {isa = PBXBuildFile; fileRef = 63B576762C3EF235001B72EA /* NotificationsView.swift */; };
		63B576792C3EF265001B72EA /* MessagesView.swift in Sources */ = {isa = PBXBuildFile; fileRef = 63B576782C3EF265001B72EA /* MessagesView.swift */; };
		63B5767D2C3EFB77001B72EA /* ProfileView.swift in Sources */ = {isa = PBXBuildFile; fileRef = 63B5767C2C3EFB77001B72EA /* ProfileView.swift */; };
		63B5767F2C3F0412001B72EA /* TweetFilterViewModel.swift in Sources */ = {isa = PBXBuildFile; fileRef = 63B5767E2C3F0412001B72EA /* TweetFilterViewModel.swift */; };
		63B576852C3FCCDC001B72EA /* UserRowView.swift in Sources */ = {isa = PBXBuildFile; fileRef = 63B576842C3FCCDC001B72EA /* UserRowView.swift */; };
		63B5768B2C3FD98B001B72EA /* SideMenuView.swift in Sources */ = {isa = PBXBuildFile; fileRef = 63B5768A2C3FD98B001B72EA /* SideMenuView.swift */; };
		63B5768D2C3FD9A4001B72EA /* SideMenuRowView.swift in Sources */ = {isa = PBXBuildFile; fileRef = 63B5768C2C3FD9A4001B72EA /* SideMenuRowView.swift */; };
		63B5768F2C3FD9C9001B72EA /* SideMenuViewModel.swift in Sources */ = {isa = PBXBuildFile; fileRef = 63B5768E2C3FD9C9001B72EA /* SideMenuViewModel.swift */; };
		63B576932C40067A001B72EA /* UserStatsView.swift in Sources */ = {isa = PBXBuildFile; fileRef = 63B576922C40067A001B72EA /* UserStatsView.swift */; };
		63B576952C400C4A001B72EA /* ContentView.swift in Sources */ = {isa = PBXBuildFile; fileRef = 63B576942C400C4A001B72EA /* ContentView.swift */; };
		63B576972C4023B8001B72EA /* SideMenuOptionRowView.swift in Sources */ = {isa = PBXBuildFile; fileRef = 63B576962C4023B8001B72EA /* SideMenuOptionRowView.swift */; };
		63B5769D2C42B833001B72EA /* NewTweetView.swift in Sources */ = {isa = PBXBuildFile; fileRef = 63B5769C2C42B833001B72EA /* NewTweetView.swift */; };
		63B5769F2C42B99A001B72EA /* TextArea.swift in Sources */ = {isa = PBXBuildFile; fileRef = 63B5769E2C42B99A001B72EA /* TextArea.swift */; };
/* End PBXBuildFile section */

/* Begin PBXFileReference section */
		63B576462C3E81B7001B72EA /* TwitterCloneiOS.app */ = {isa = PBXFileReference; explicitFileType = wrapper.application; includeInIndex = 0; path = TwitterCloneiOS.app; sourceTree = BUILT_PRODUCTS_DIR; };
		63B576492C3E81B7001B72EA /* TwitterCloneiOSApp.swift */ = {isa = PBXFileReference; lastKnownFileType = sourcecode.swift; path = TwitterCloneiOSApp.swift; sourceTree = "<group>"; };
		63B5764D2C3E81B8001B72EA /* Assets.xcassets */ = {isa = PBXFileReference; lastKnownFileType = folder.assetcatalog; path = Assets.xcassets; sourceTree = "<group>"; };
		63B576502C3E81B8001B72EA /* Preview Assets.xcassets */ = {isa = PBXFileReference; lastKnownFileType = folder.assetcatalog; path = "Preview Assets.xcassets"; sourceTree = "<group>"; };
		63B576642C3EA040001B72EA /* TweetView.swift */ = {isa = PBXFileReference; lastKnownFileType = sourcecode.swift; path = TweetView.swift; sourceTree = "<group>"; };
		63B576662C3EEDED001B72EA /* FeedView.swift */ = {isa = PBXFileReference; lastKnownFileType = sourcecode.swift; path = FeedView.swift; sourceTree = "<group>"; };
		63B5766E2C3EF046001B72EA /* MainTabView.swift */ = {isa = PBXFileReference; lastKnownFileType = sourcecode.swift; path = MainTabView.swift; sourceTree = "<group>"; };
		63B576742C3EF21D001B72EA /* ExploreView.swift */ = {isa = PBXFileReference; lastKnownFileType = sourcecode.swift; path = ExploreView.swift; sourceTree = "<group>"; };
		63B576762C3EF235001B72EA /* NotificationsView.swift */ = {isa = PBXFileReference; lastKnownFileType = sourcecode.swift; path = NotificationsView.swift; sourceTree = "<group>"; };
		63B576782C3EF265001B72EA /* MessagesView.swift */ = {isa = PBXFileReference; lastKnownFileType = sourcecode.swift; path = MessagesView.swift; sourceTree = "<group>"; };
		63B5767C2C3EFB77001B72EA /* ProfileView.swift */ = {isa = PBXFileReference; lastKnownFileType = sourcecode.swift; path = ProfileView.swift; sourceTree = "<group>"; };
		63B5767E2C3F0412001B72EA /* TweetFilterViewModel.swift */ = {isa = PBXFileReference; lastKnownFileType = sourcecode.swift; path = TweetFilterViewModel.swift; sourceTree = "<group>"; };
		63B576842C3FCCDC001B72EA /* UserRowView.swift */ = {isa = PBXFileReference; lastKnownFileType = sourcecode.swift; path = UserRowView.swift; sourceTree = "<group>"; };
		63B5768A2C3FD98B001B72EA /* SideMenuView.swift */ = {isa = PBXFileReference; lastKnownFileType = sourcecode.swift; path = SideMenuView.swift; sourceTree = "<group>"; };
		63B5768C2C3FD9A4001B72EA /* SideMenuRowView.swift */ = {isa = PBXFileReference; lastKnownFileType = sourcecode.swift; path = SideMenuRowView.swift; sourceTree = "<group>"; };
		63B5768E2C3FD9C9001B72EA /* SideMenuViewModel.swift */ = {isa = PBXFileReference; lastKnownFileType = sourcecode.swift; path = SideMenuViewModel.swift; sourceTree = "<group>"; };
		63B576922C40067A001B72EA /* UserStatsView.swift */ = {isa = PBXFileReference; lastKnownFileType = sourcecode.swift; path = UserStatsView.swift; sourceTree = "<group>"; };
		63B576942C400C4A001B72EA /* ContentView.swift */ = {isa = PBXFileReference; lastKnownFileType = sourcecode.swift; path = ContentView.swift; sourceTree = "<group>"; };
		63B576962C4023B8001B72EA /* SideMenuOptionRowView.swift */ = {isa = PBXFileReference; lastKnownFileType = sourcecode.swift; path = SideMenuOptionRowView.swift; sourceTree = "<group>"; };
		63B5769C2C42B833001B72EA /* NewTweetView.swift */ = {isa = PBXFileReference; lastKnownFileType = sourcecode.swift; path = NewTweetView.swift; sourceTree = "<group>"; };
		63B5769E2C42B99A001B72EA /* TextArea.swift */ = {isa = PBXFileReference; lastKnownFileType = sourcecode.swift; path = TextArea.swift; sourceTree = "<group>"; };
/* End PBXFileReference section */

/* Begin PBXFrameworksBuildPhase section */
		63B576432C3E81B7001B72EA /* Frameworks */ = {
			isa = PBXFrameworksBuildPhase;
			buildActionMask = 2147483647;
			files = (
			);
			runOnlyForDeploymentPostprocessing = 0;
		};
/* End PBXFrameworksBuildPhase section */

/* Begin PBXGroup section */
		63B5763D2C3E81B7001B72EA = {
			isa = PBXGroup;
			children = (
				63B576482C3E81B7001B72EA /* TwitterCloneiOS */,
				63B576472C3E81B7001B72EA /* Products */,
			);
			sourceTree = "<group>";
		};
		63B576472C3E81B7001B72EA /* Products */ = {
			isa = PBXGroup;
			children = (
				63B576462C3E81B7001B72EA /* TwitterCloneiOS.app */,
			);
			name = Products;
			sourceTree = "<group>";
		};
		63B576482C3E81B7001B72EA /* TwitterCloneiOS */ = {
			isa = PBXGroup;
			children = (
				63B576682C3EEEE3001B72EA /* Core */,
				63B5764D2C3E81B8001B72EA /* Assets.xcassets */,
				63B5764F2C3E81B8001B72EA /* Preview Content */,
			);
			path = TwitterCloneiOS;
			sourceTree = "<group>";
		};
		63B5764F2C3E81B8001B72EA /* Preview Content */ = {
			isa = PBXGroup;
			children = (
				63B576502C3E81B8001B72EA /* Preview Assets.xcassets */,
			);
			path = "Preview Content";
			sourceTree = "<group>";
		};
		63B576622C3EA001001B72EA /* Tweets */ = {
			isa = PBXGroup;
			children = (
				63B576642C3EA040001B72EA /* TweetView.swift */,
			);
			path = Tweets;
			sourceTree = "<group>";
		};
		63B576682C3EEEE3001B72EA /* Core */ = {
			isa = PBXGroup;
			children = (
				63B5766A2C3EEF27001B72EA /* Components */,
				63B576862C3FD60E001B72EA /* SideMenu */,
				63B576992C42A19D001B72EA /* UploadTweet */,
				63B576732C3EF1F0001B72EA /* Profile */,
				63B576722C3EF1A5001B72EA /* Messages */,
				63B576712C3EF19B001B72EA /* Notifications */,
				63B576702C3EF191001B72EA /* Explore */,
				63B576692C3EEEEF001B72EA /* Feed */,
				63B5766D2C3EEFFE001B72EA /* MainTab */,
				63B576492C3E81B7001B72EA /* TwitterCloneiOSApp.swift */,
				63B576942C400C4A001B72EA /* ContentView.swift */,
			);
			path = Core;
			sourceTree = "<group>";
		};
		63B576692C3EEEEF001B72EA /* Feed */ = {
			isa = PBXGroup;
			children = (
				63B5766B2C3EEF5E001B72EA /* ViewModels */,
				63B5766C2C3EEF6B001B72EA /* View */,
			);
			path = Feed;
			sourceTree = "<group>";
		};
		63B5766A2C3EEF27001B72EA /* Components */ = {
			isa = PBXGroup;
			children = (
				63B576832C3FCCC8001B72EA /* Users */,
				63B576622C3EA001001B72EA /* Tweets */,
				63B5769E2C42B99A001B72EA /* TextArea.swift */,
			);
			path = Components;
			sourceTree = "<group>";
		};
		63B5766B2C3EEF5E001B72EA /* ViewModels */ = {
			isa = PBXGroup;
			children = (
			);
			path = ViewModels;
			sourceTree = "<group>";
		};
		63B5766C2C3EEF6B001B72EA /* View */ = {
			isa = PBXGroup;
			children = (
				63B576662C3EEDED001B72EA /* FeedView.swift */,
			);
			path = View;
			sourceTree = "<group>";
		};
		63B5766D2C3EEFFE001B72EA /* MainTab */ = {
			isa = PBXGroup;
			children = (
				63B5766E2C3EF046001B72EA /* MainTabView.swift */,
			);
			path = MainTab;
			sourceTree = "<group>";
		};
		63B576702C3EF191001B72EA /* Explore */ = {
			isa = PBXGroup;
			children = (
				63B576982C42A173001B72EA /* UploadTweet */,
				63B576812C3FCC99001B72EA /* ViewModels */,
				63B576802C3FCC91001B72EA /* View */,
			);
			path = Explore;
			sourceTree = "<group>";
		};
		63B576712C3EF19B001B72EA /* Notifications */ = {
			isa = PBXGroup;
			children = (
				63B576762C3EF235001B72EA /* NotificationsView.swift */,
			);
			path = Notifications;
			sourceTree = "<group>";
		};
		63B576722C3EF1A5001B72EA /* Messages */ = {
			isa = PBXGroup;
			children = (
				63B576782C3EF265001B72EA /* MessagesView.swift */,
			);
			path = Messages;
			sourceTree = "<group>";
		};
		63B576732C3EF1F0001B72EA /* Profile */ = {
			isa = PBXGroup;
			children = (
				63B5767A2C3EFB63001B72EA /* ViewModels */,
				63B5767B2C3EFB6A001B72EA /* Views */,
			);
			path = Profile;
			sourceTree = "<group>";
		};
		63B5767A2C3EFB63001B72EA /* ViewModels */ = {
			isa = PBXGroup;
			children = (
				63B5767E2C3F0412001B72EA /* TweetFilterViewModel.swift */,
			);
			path = ViewModels;
			sourceTree = "<group>";
		};
		63B5767B2C3EFB6A001B72EA /* Views */ = {
			isa = PBXGroup;
			children = (
				63B5767C2C3EFB77001B72EA /* ProfileView.swift */,
			);
			path = Views;
			sourceTree = "<group>";
		};
		63B576802C3FCC91001B72EA /* View */ = {
			isa = PBXGroup;
			children = (
				63B576742C3EF21D001B72EA /* ExploreView.swift */,
			);
			path = View;
			sourceTree = "<group>";
		};
		63B576812C3FCC99001B72EA /* ViewModels */ = {
			isa = PBXGroup;
			children = (
			);
			path = ViewModels;
			sourceTree = "<group>";
		};
		63B576832C3FCCC8001B72EA /* Users */ = {
			isa = PBXGroup;
			children = (
				63B576842C3FCCDC001B72EA /* UserRowView.swift */,
				63B576922C40067A001B72EA /* UserStatsView.swift */,
			);
			path = Users;
			sourceTree = "<group>";
		};
		63B576862C3FD60E001B72EA /* SideMenu */ = {
			isa = PBXGroup;
			children = (
				63B576872C3FD683001B72EA /* ViewModel */,
				63B576892C3FD974001B72EA /* View */,
			);
			path = SideMenu;
			sourceTree = "<group>";
		};
		63B576872C3FD683001B72EA /* ViewModel */ = {
			isa = PBXGroup;
			children = (
				63B5768E2C3FD9C9001B72EA /* SideMenuViewModel.swift */,
			);
			path = ViewModel;
			sourceTree = "<group>";
		};
		63B576892C3FD974001B72EA /* View */ = {
			isa = PBXGroup;
			children = (
				63B5768A2C3FD98B001B72EA /* SideMenuView.swift */,
				63B576962C4023B8001B72EA /* SideMenuOptionRowView.swift */,
				63B5768C2C3FD9A4001B72EA /* SideMenuRowView.swift */,
			);
			path = View;
			sourceTree = "<group>";
		};
		63B576982C42A173001B72EA /* UploadTweet */ = {
			isa = PBXGroup;
			children = (
			);
			path = UploadTweet;
			sourceTree = "<group>";
		};
		63B576992C42A19D001B72EA /* UploadTweet */ = {
			isa = PBXGroup;
			children = (
				63B5769A2C42A1A4001B72EA /* ViewModels */,
				63B5769B2C42A1AF001B72EA /* View */,
			);
			path = UploadTweet;
			sourceTree = "<group>";
		};
		63B5769A2C42A1A4001B72EA /* ViewModels */ = {
			isa = PBXGroup;
			children = (
			);
			path = ViewModels;
			sourceTree = "<group>";
		};
		63B5769B2C42A1AF001B72EA /* View */ = {
			isa = PBXGroup;
			children = (
				63B5769C2C42B833001B72EA /* NewTweetView.swift */,
			);
			path = View;
			sourceTree = "<group>";
		};
/* End PBXGroup section */

/* Begin PBXNativeTarget section */
		63B576452C3E81B7001B72EA /* TwitterCloneiOS */ = {
			isa = PBXNativeTarget;
			buildConfigurationList = 63B576542C3E81B8001B72EA /* Build configuration list for PBXNativeTarget "TwitterCloneiOS" */;
			buildPhases = (
				63B576422C3E81B7001B72EA /* Sources */,
				63B576432C3E81B7001B72EA /* Frameworks */,
				63B576442C3E81B7001B72EA /* Resources */,
			);
			buildRules = (
			);
			dependencies = (
			);
			name = TwitterCloneiOS;
			productName = TwitterCloneiOS;
			productReference = 63B576462C3E81B7001B72EA /* TwitterCloneiOS.app */;
			productType = "com.apple.product-type.application";
		};
/* End PBXNativeTarget section */

/* Begin PBXProject section */
		63B5763E2C3E81B7001B72EA /* Project object */ = {
			isa = PBXProject;
			attributes = {
				BuildIndependentTargetsInParallel = 1;
				LastSwiftUpdateCheck = 1540;
				LastUpgradeCheck = 1540;
				TargetAttributes = {
					63B576452C3E81B7001B72EA = {
						CreatedOnToolsVersion = 15.4;
					};
				};
			};
			buildConfigurationList = 63B576412C3E81B7001B72EA /* Build configuration list for PBXProject "TwitterCloneiOS" */;
			compatibilityVersion = "Xcode 14.0";
			developmentRegion = en;
			hasScannedForEncodings = 0;
			knownRegions = (
				en,
				Base,
			);
			mainGroup = 63B5763D2C3E81B7001B72EA;
			productRefGroup = 63B576472C3E81B7001B72EA /* Products */;
			projectDirPath = "";
			projectRoot = "";
			targets = (
				63B576452C3E81B7001B72EA /* TwitterCloneiOS */,
			);
		};
/* End PBXProject section */

/* Begin PBXResourcesBuildPhase section */
		63B576442C3E81B7001B72EA /* Resources */ = {
			isa = PBXResourcesBuildPhase;
			buildActionMask = 2147483647;
			files = (
				63B576512C3E81B8001B72EA /* Preview Assets.xcassets in Resources */,
				63B5764E2C3E81B8001B72EA /* Assets.xcassets in Resources */,
			);
			runOnlyForDeploymentPostprocessing = 0;
		};
/* End PBXResourcesBuildPhase section */

/* Begin PBXSourcesBuildPhase section */
		63B576422C3E81B7001B72EA /* Sources */ = {
			isa = PBXSourcesBuildPhase;
			buildActionMask = 2147483647;
			files = (
				63B5767D2C3EFB77001B72EA /* ProfileView.swift in Sources */,
				63B576672C3EEDED001B72EA /* FeedView.swift in Sources */,
				63B576652C3EA040001B72EA /* TweetView.swift in Sources */,
				63B576772C3EF235001B72EA /* NotificationsView.swift in Sources */,
				63B5768B2C3FD98B001B72EA /* SideMenuView.swift in Sources */,
				63B5768D2C3FD9A4001B72EA /* SideMenuRowView.swift in Sources */,
				63B5764A2C3E81B7001B72EA /* TwitterCloneiOSApp.swift in Sources */,
				63B5769F2C42B99A001B72EA /* TextArea.swift in Sources */,
				63B576932C40067A001B72EA /* UserStatsView.swift in Sources */,
				63B576792C3EF265001B72EA /* MessagesView.swift in Sources */,
				63B5769D2C42B833001B72EA /* NewTweetView.swift in Sources */,
				63B5768F2C3FD9C9001B72EA /* SideMenuViewModel.swift in Sources */,
				63B576852C3FCCDC001B72EA /* UserRowView.swift in Sources */,
				63B576952C400C4A001B72EA /* ContentView.swift in Sources */,
				63B576972C4023B8001B72EA /* SideMenuOptionRowView.swift in Sources */,
				63B5767F2C3F0412001B72EA /* TweetFilterViewModel.swift in Sources */,
				63B5766F2C3EF046001B72EA /* MainTabView.swift in Sources */,
				63B576752C3EF21D001B72EA /* ExploreView.swift in Sources */,
			);
			runOnlyForDeploymentPostprocessing = 0;
		};
/* End PBXSourcesBuildPhase section */

/* Begin XCBuildConfiguration section */
		63B576522C3E81B8001B72EA /* Debug */ = {
			isa = XCBuildConfiguration;
			buildSettings = {
				ALWAYS_SEARCH_USER_PATHS = NO;
				ASSETCATALOG_COMPILER_GENERATE_SWIFT_ASSET_SYMBOL_EXTENSIONS = YES;
				CLANG_ANALYZER_NONNULL = YES;
				CLANG_ANALYZER_NUMBER_OBJECT_CONVERSION = YES_AGGRESSIVE;
				CLANG_CXX_LANGUAGE_STANDARD = "gnu++20";
				CLANG_ENABLE_MODULES = YES;
				CLANG_ENABLE_OBJC_ARC = YES;
				CLANG_ENABLE_OBJC_WEAK = YES;
				CLANG_WARN_BLOCK_CAPTURE_AUTORELEASING = YES;
				CLANG_WARN_BOOL_CONVERSION = YES;
				CLANG_WARN_COMMA = YES;
				CLANG_WARN_CONSTANT_CONVERSION = YES;
				CLANG_WARN_DEPRECATED_OBJC_IMPLEMENTATIONS = YES;
				CLANG_WARN_DIRECT_OBJC_ISA_USAGE = YES_ERROR;
				CLANG_WARN_DOCUMENTATION_COMMENTS = YES;
				CLANG_WARN_EMPTY_BODY = YES;
				CLANG_WARN_ENUM_CONVERSION = YES;
				CLANG_WARN_INFINITE_RECURSION = YES;
				CLANG_WARN_INT_CONVERSION = YES;
				CLANG_WARN_NON_LITERAL_NULL_CONVERSION = YES;
				CLANG_WARN_OBJC_IMPLICIT_RETAIN_SELF = YES;
				CLANG_WARN_OBJC_LITERAL_CONVERSION = YES;
				CLANG_WARN_OBJC_ROOT_CLASS = YES_ERROR;
				CLANG_WARN_QUOTED_INCLUDE_IN_FRAMEWORK_HEADER = YES;
				CLANG_WARN_RANGE_LOOP_ANALYSIS = YES;
				CLANG_WARN_STRICT_PROTOTYPES = YES;
				CLANG_WARN_SUSPICIOUS_MOVE = YES;
				CLANG_WARN_UNGUARDED_AVAILABILITY = YES_AGGRESSIVE;
				CLANG_WARN_UNREACHABLE_CODE = YES;
				CLANG_WARN__DUPLICATE_METHOD_MATCH = YES;
				COPY_PHASE_STRIP = NO;
				DEBUG_INFORMATION_FORMAT = dwarf;
				ENABLE_STRICT_OBJC_MSGSEND = YES;
				ENABLE_TESTABILITY = YES;
				ENABLE_USER_SCRIPT_SANDBOXING = YES;
				GCC_C_LANGUAGE_STANDARD = gnu17;
				GCC_DYNAMIC_NO_PIC = NO;
				GCC_NO_COMMON_BLOCKS = YES;
				GCC_OPTIMIZATION_LEVEL = 0;
				GCC_PREPROCESSOR_DEFINITIONS = (
					"DEBUG=1",
					"$(inherited)",
				);
				GCC_WARN_64_TO_32_BIT_CONVERSION = YES;
				GCC_WARN_ABOUT_RETURN_TYPE = YES_ERROR;
				GCC_WARN_UNDECLARED_SELECTOR = YES;
				GCC_WARN_UNINITIALIZED_AUTOS = YES_AGGRESSIVE;
				GCC_WARN_UNUSED_FUNCTION = YES;
				GCC_WARN_UNUSED_VARIABLE = YES;
				IPHONEOS_DEPLOYMENT_TARGET = 17.5;
				LOCALIZATION_PREFERS_STRING_CATALOGS = YES;
				MTL_ENABLE_DEBUG_INFO = INCLUDE_SOURCE;
				MTL_FAST_MATH = YES;
				ONLY_ACTIVE_ARCH = YES;
				SDKROOT = iphoneos;
				SWIFT_ACTIVE_COMPILATION_CONDITIONS = "DEBUG $(inherited)";
				SWIFT_OPTIMIZATION_LEVEL = "-Onone";
			};
			name = Debug;
		};
		63B576532C3E81B8001B72EA /* Release */ = {
			isa = XCBuildConfiguration;
			buildSettings = {
				ALWAYS_SEARCH_USER_PATHS = NO;
				ASSETCATALOG_COMPILER_GENERATE_SWIFT_ASSET_SYMBOL_EXTENSIONS = YES;
				CLANG_ANALYZER_NONNULL = YES;
				CLANG_ANALYZER_NUMBER_OBJECT_CONVERSION = YES_AGGRESSIVE;
				CLANG_CXX_LANGUAGE_STANDARD = "gnu++20";
				CLANG_ENABLE_MODULES = YES;
				CLANG_ENABLE_OBJC_ARC = YES;
				CLANG_ENABLE_OBJC_WEAK = YES;
				CLANG_WARN_BLOCK_CAPTURE_AUTORELEASING = YES;
				CLANG_WARN_BOOL_CONVERSION = YES;
				CLANG_WARN_COMMA = YES;
				CLANG_WARN_CONSTANT_CONVERSION = YES;
				CLANG_WARN_DEPRECATED_OBJC_IMPLEMENTATIONS = YES;
				CLANG_WARN_DIRECT_OBJC_ISA_USAGE = YES_ERROR;
				CLANG_WARN_DOCUMENTATION_COMMENTS = YES;
				CLANG_WARN_EMPTY_BODY = YES;
				CLANG_WARN_ENUM_CONVERSION = YES;
				CLANG_WARN_INFINITE_RECURSION = YES;
				CLANG_WARN_INT_CONVERSION = YES;
				CLANG_WARN_NON_LITERAL_NULL_CONVERSION = YES;
				CLANG_WARN_OBJC_IMPLICIT_RETAIN_SELF = YES;
				CLANG_WARN_OBJC_LITERAL_CONVERSION = YES;
				CLANG_WARN_OBJC_ROOT_CLASS = YES_ERROR;
				CLANG_WARN_QUOTED_INCLUDE_IN_FRAMEWORK_HEADER = YES;
				CLANG_WARN_RANGE_LOOP_ANALYSIS = YES;
				CLANG_WARN_STRICT_PROTOTYPES = YES;
				CLANG_WARN_SUSPICIOUS_MOVE = YES;
				CLANG_WARN_UNGUARDED_AVAILABILITY = YES_AGGRESSIVE;
				CLANG_WARN_UNREACHABLE_CODE = YES;
				CLANG_WARN__DUPLICATE_METHOD_MATCH = YES;
				COPY_PHASE_STRIP = NO;
				DEBUG_INFORMATION_FORMAT = "dwarf-with-dsym";
				ENABLE_NS_ASSERTIONS = NO;
				ENABLE_STRICT_OBJC_MSGSEND = YES;
				ENABLE_USER_SCRIPT_SANDBOXING = YES;
				GCC_C_LANGUAGE_STANDARD = gnu17;
				GCC_NO_COMMON_BLOCKS = YES;
				GCC_WARN_64_TO_32_BIT_CONVERSION = YES;
				GCC_WARN_ABOUT_RETURN_TYPE = YES_ERROR;
				GCC_WARN_UNDECLARED_SELECTOR = YES;
				GCC_WARN_UNINITIALIZED_AUTOS = YES_AGGRESSIVE;
				GCC_WARN_UNUSED_FUNCTION = YES;
				GCC_WARN_UNUSED_VARIABLE = YES;
				IPHONEOS_DEPLOYMENT_TARGET = 17.5;
				LOCALIZATION_PREFERS_STRING_CATALOGS = YES;
				MTL_ENABLE_DEBUG_INFO = NO;
				MTL_FAST_MATH = YES;
				SDKROOT = iphoneos;
				SWIFT_COMPILATION_MODE = wholemodule;
				VALIDATE_PRODUCT = YES;
			};
			name = Release;
		};
		63B576552C3E81B8001B72EA /* Debug */ = {
			isa = XCBuildConfiguration;
			buildSettings = {
				ASSETCATALOG_COMPILER_APPICON_NAME = AppIcon;
				ASSETCATALOG_COMPILER_GLOBAL_ACCENT_COLOR_NAME = AccentColor;
				CODE_SIGN_STYLE = Automatic;
				CURRENT_PROJECT_VERSION = 1;
				DEVELOPMENT_ASSET_PATHS = "\"TwitterCloneiOS/Preview Content\"";
				ENABLE_PREVIEWS = YES;
				GENERATE_INFOPLIST_FILE = YES;
				INFOPLIST_KEY_UIApplicationSceneManifest_Generation = YES;
				INFOPLIST_KEY_UIApplicationSupportsIndirectInputEvents = YES;
				INFOPLIST_KEY_UILaunchScreen_Generation = YES;
				INFOPLIST_KEY_UISupportedInterfaceOrientations_iPad = "UIInterfaceOrientationPortrait UIInterfaceOrientationPortraitUpsideDown UIInterfaceOrientationLandscapeLeft UIInterfaceOrientationLandscapeRight";
				INFOPLIST_KEY_UISupportedInterfaceOrientations_iPhone = "UIInterfaceOrientationPortrait UIInterfaceOrientationLandscapeLeft UIInterfaceOrientationLandscapeRight";
				LD_RUNPATH_SEARCH_PATHS = (
					"$(inherited)",
					"@executable_path/Frameworks",
				);
				MARKETING_VERSION = 1.0;
				PRODUCT_BUNDLE_IDENTIFIER = Darserg.TwitterCloneiOS;
				PRODUCT_NAME = "$(TARGET_NAME)";
				SWIFT_EMIT_LOC_STRINGS = YES;
				SWIFT_VERSION = 5.0;
				TARGETED_DEVICE_FAMILY = "1,2";
			};
			name = Debug;
		};
		63B576562C3E81B8001B72EA /* Release */ = {
			isa = XCBuildConfiguration;
			buildSettings = {
				ASSETCATALOG_COMPILER_APPICON_NAME = AppIcon;
				ASSETCATALOG_COMPILER_GLOBAL_ACCENT_COLOR_NAME = AccentColor;
				CODE_SIGN_STYLE = Automatic;
				CURRENT_PROJECT_VERSION = 1;
				DEVELOPMENT_ASSET_PATHS = "\"TwitterCloneiOS/Preview Content\"";
				ENABLE_PREVIEWS = YES;
				GENERATE_INFOPLIST_FILE = YES;
				INFOPLIST_KEY_UIApplicationSceneManifest_Generation = YES;
				INFOPLIST_KEY_UIApplicationSupportsIndirectInputEvents = YES;
				INFOPLIST_KEY_UILaunchScreen_Generation = YES;
				INFOPLIST_KEY_UISupportedInterfaceOrientations_iPad = "UIInterfaceOrientationPortrait UIInterfaceOrientationPortraitUpsideDown UIInterfaceOrientationLandscapeLeft UIInterfaceOrientationLandscapeRight";
				INFOPLIST_KEY_UISupportedInterfaceOrientations_iPhone = "UIInterfaceOrientationPortrait UIInterfaceOrientationLandscapeLeft UIInterfaceOrientationLandscapeRight";
				LD_RUNPATH_SEARCH_PATHS = (
					"$(inherited)",
					"@executable_path/Frameworks",
				);
				MARKETING_VERSION = 1.0;
				PRODUCT_BUNDLE_IDENTIFIER = Darserg.TwitterCloneiOS;
				PRODUCT_NAME = "$(TARGET_NAME)";
				SWIFT_EMIT_LOC_STRINGS = YES;
				SWIFT_VERSION = 5.0;
				TARGETED_DEVICE_FAMILY = "1,2";
			};
			name = Release;
		};
/* End XCBuildConfiguration section */

/* Begin XCConfigurationList section */
		63B576412C3E81B7001B72EA /* Build configuration list for PBXProject "TwitterCloneiOS" */ = {
			isa = XCConfigurationList;
			buildConfigurations = (
				63B576522C3E81B8001B72EA /* Debug */,
				63B576532C3E81B8001B72EA /* Release */,
			);
			defaultConfigurationIsVisible = 0;
			defaultConfigurationName = Release;
		};
		63B576542C3E81B8001B72EA /* Build configuration list for PBXNativeTarget "TwitterCloneiOS" */ = {
			isa = XCConfigurationList;
			buildConfigurations = (
				63B576552C3E81B8001B72EA /* Debug */,
				63B576562C3E81B8001B72EA /* Release */,
			);
			defaultConfigurationIsVisible = 0;
			defaultConfigurationName = Release;
		};
/* End XCConfigurationList section */
	};
	rootObject = 63B5763E2C3E81B7001B72EA /* Project object */;
}
